// !$*UTF8*$!
{
	archiveVersion = 1;
	classes = {
	};
	objectVersion = 50;
	objects = {

/* Begin PBXBuildFile section */
		3C0D624425D4897700243F2E /* 7Ti.mp3 in Resources */ = {isa = PBXBuildFile; fileRef = 3C0D623C25D4897700243F2E /* 7Ti.mp3 */; };
		3C0D624525D4897700243F2E /* 2Re.mp3 in Resources */ = {isa = PBXBuildFile; fileRef = 3C0D623D25D4897700243F2E /* 2Re.mp3 */; };
		3C0D624625D4897700243F2E /* 8Do.mp3 in Resources */ = {isa = PBXBuildFile; fileRef = 3C0D623E25D4897700243F2E /* 8Do.mp3 */; };
		3C0D624725D4897700243F2E /* 1Do.mp3 in Resources */ = {isa = PBXBuildFile; fileRef = 3C0D623F25D4897700243F2E /* 1Do.mp3 */; };
		3C0D624825D4897700243F2E /* 4Fa.mp3 in Resources */ = {isa = PBXBuildFile; fileRef = 3C0D624025D4897700243F2E /* 4Fa.mp3 */; };
		3C0D624925D4897700243F2E /* 3Mi.mp3 in Resources */ = {isa = PBXBuildFile; fileRef = 3C0D624125D4897700243F2E /* 3Mi.mp3 */; };
		3C0D624A25D4897700243F2E /* 6La.mp3 in Resources */ = {isa = PBXBuildFile; fileRef = 3C0D624225D4897700243F2E /* 6La.mp3 */; };
		3C0D624B25D4897700243F2E /* 5So.mp3 in Resources */ = {isa = PBXBuildFile; fileRef = 3C0D624325D4897700243F2E /* 5So.mp3 */; };
		3C1DD3BD25D4BEAA00703C84 /* 1Mono.mp3 in Resources */ = {isa = PBXBuildFile; fileRef = 3C1DD3BC25D4BEAA00703C84 /* 1Mono.mp3 */; };
		3C3B6C8A25D476EC0082B86C /* AppDelegate.swift in Sources */ = {isa = PBXBuildFile; fileRef = 3C3B6C8925D476EC0082B86C /* AppDelegate.swift */; };
		3C3B6C8C25D476EC0082B86C /* SceneDelegate.swift in Sources */ = {isa = PBXBuildFile; fileRef = 3C3B6C8B25D476EC0082B86C /* SceneDelegate.swift */; };
		3C3B6C8E25D476EC0082B86C /* ViewController.swift in Sources */ = {isa = PBXBuildFile; fileRef = 3C3B6C8D25D476EC0082B86C /* ViewController.swift */; };
		3C3B6C9125D476EC0082B86C /* Main.storyboard in Resources */ = {isa = PBXBuildFile; fileRef = 3C3B6C8F25D476EC0082B86C /* Main.storyboard */; };
		3C3B6C9325D476EE0082B86C /* Assets.xcassets in Resources */ = {isa = PBXBuildFile; fileRef = 3C3B6C9225D476EE0082B86C /* Assets.xcassets */; };
		3C3B6C9625D476EE0082B86C /* LaunchScreen.storyboard in Resources */ = {isa = PBXBuildFile; fileRef = 3C3B6C9425D476EE0082B86C /* LaunchScreen.storyboard */; };
/* End PBXBuildFile section */

/* Begin PBXFileReference section */
		3C0D623C25D4897700243F2E /* 7Ti.mp3 */ = {isa = PBXFileReference; lastKnownFileType = audio.mp3; path = 7Ti.mp3; sourceTree = "<group>"; };
		3C0D623D25D4897700243F2E /* 2Re.mp3 */ = {isa = PBXFileReference; lastKnownFileType = audio.mp3; path = 2Re.mp3; sourceTree = "<group>"; };
		3C0D623E25D4897700243F2E /* 8Do.mp3 */ = {isa = PBXFileReference; lastKnownFileType = audio.mp3; path = 8Do.mp3; sourceTree = "<group>"; };
		3C0D623F25D4897700243F2E /* 1Do.mp3 */ = {isa = PBXFileReference; lastKnownFileType = audio.mp3; path = 1Do.mp3; sourceTree = "<group>"; };
		3C0D624025D4897700243F2E /* 4Fa.mp3 */ = {isa = PBXFileReference; lastKnownFileType = audio.mp3; path = 4Fa.mp3; sourceTree = "<group>"; };
		3C0D624125D4897700243F2E /* 3Mi.mp3 */ = {isa = PBXFileReference; lastKnownFileType = audio.mp3; path = 3Mi.mp3; sourceTree = "<group>"; };
		3C0D624225D4897700243F2E /* 6La.mp3 */ = {isa = PBXFileReference; lastKnownFileType = audio.mp3; path = 6La.mp3; sourceTree = "<group>"; };
		3C0D624325D4897700243F2E /* 5So.mp3 */ = {isa = PBXFileReference; lastKnownFileType = audio.mp3; path = 5So.mp3; sourceTree = "<group>"; };
		3C1DD3BC25D4BEAA00703C84 /* 1Mono.mp3 */ = {isa = PBXFileReference; lastKnownFileType = audio.mp3; path = 1Mono.mp3; sourceTree = "<group>"; };
		3C3B6C8625D476EC0082B86C /* ARKitCube.app */ = {isa = PBXFileReference; explicitFileType = wrapper.application; includeInIndex = 0; path = ARKitCube.app; sourceTree = BUILT_PRODUCTS_DIR; };
		3C3B6C8925D476EC0082B86C /* AppDelegate.swift */ = {isa = PBXFileReference; lastKnownFileType = sourcecode.swift; path = AppDelegate.swift; sourceTree = "<group>"; };
		3C3B6C8B25D476EC0082B86C /* SceneDelegate.swift */ = {isa = PBXFileReference; lastKnownFileType = sourcecode.swift; path = SceneDelegate.swift; sourceTree = "<group>"; };
		3C3B6C8D25D476EC0082B86C /* ViewController.swift */ = {isa = PBXFileReference; lastKnownFileType = sourcecode.swift; path = ViewController.swift; sourceTree = "<group>"; };
		3C3B6C9025D476EC0082B86C /* Base */ = {isa = PBXFileReference; lastKnownFileType = file.storyboard; name = Base; path = Base.lproj/Main.storyboard; sourceTree = "<group>"; };
		3C3B6C9225D476EE0082B86C /* Assets.xcassets */ = {isa = PBXFileReference; lastKnownFileType = folder.assetcatalog; path = Assets.xcassets; sourceTree = "<group>"; };
		3C3B6C9525D476EE0082B86C /* Base */ = {isa = PBXFileReference; lastKnownFileType = file.storyboard; name = Base; path = Base.lproj/LaunchScreen.storyboard; sourceTree = "<group>"; };
		3C3B6C9725D476EE0082B86C /* Info.plist */ = {isa = PBXFileReference; lastKnownFileType = text.plist.xml; path = Info.plist; sourceTree = "<group>"; };
/* End PBXFileReference section */

/* Begin PBXFrameworksBuildPhase section */
		3C3B6C8325D476EC0082B86C /* Frameworks */ = {
			isa = PBXFrameworksBuildPhase;
			buildActionMask = 2147483647;
			files = (
			);
			runOnlyForDeploymentPostprocessing = 0;
		};
/* End PBXFrameworksBuildPhase section */

/* Begin PBXGroup section */
		3C0D623B25D4896D00243F2E /* PianoNotes */ = {
			isa = PBXGroup;
			children = (
				3C0D623F25D4897700243F2E /* 1Do.mp3 */,
				3C0D623D25D4897700243F2E /* 2Re.mp3 */,
				3C0D624125D4897700243F2E /* 3Mi.mp3 */,
				3C0D624025D4897700243F2E /* 4Fa.mp3 */,
				3C0D624325D4897700243F2E /* 5So.mp3 */,
				3C0D624225D4897700243F2E /* 6La.mp3 */,
				3C0D623C25D4897700243F2E /* 7Ti.mp3 */,
				3C0D623E25D4897700243F2E /* 8Do.mp3 */,
				3C1DD3BC25D4BEAA00703C84 /* 1Mono.mp3 */,
			);
			path = PianoNotes;
			sourceTree = "<group>";
		};
		3C3B6C7D25D476EC0082B86C = {
			isa = PBXGroup;
			children = (
				3C3B6C8825D476EC0082B86C /* ARKitCube */,
				3C3B6C8725D476EC0082B86C /* Products */,
			);
			sourceTree = "<group>";
		};
		3C3B6C8725D476EC0082B86C /* Products */ = {
			isa = PBXGroup;
			children = (
				3C3B6C8625D476EC0082B86C /* ARKitCube.app */,
			);
			name = Products;
			sourceTree = "<group>";
		};
		3C3B6C8825D476EC0082B86C /* ARKitCube */ = {
			isa = PBXGroup;
			children = (
				3C0D623B25D4896D00243F2E /* PianoNotes */,
				3C3B6C8925D476EC0082B86C /* AppDelegate.swift */,
				3C3B6C8B25D476EC0082B86C /* SceneDelegate.swift */,
				3C3B6C8D25D476EC0082B86C /* ViewController.swift */,
				3C3B6C8F25D476EC0082B86C /* Main.storyboard */,
				3C3B6C9225D476EE0082B86C /* Assets.xcassets */,
				3C3B6C9425D476EE0082B86C /* LaunchScreen.storyboard */,
				3C3B6C9725D476EE0082B86C /* Info.plist */,
			);
			path = ARKitCube;
			sourceTree = "<group>";
		};
/* End PBXGroup section */

/* Begin PBXNativeTarget section */
		3C3B6C8525D476EC0082B86C /* ARKitCube */ = {
			isa = PBXNativeTarget;
			buildConfigurationList = 3C3B6C9A25D476EE0082B86C /* Build configuration list for PBXNativeTarget "ARKitCube" */;
			buildPhases = (
				3C3B6C8225D476EC0082B86C /* Sources */,
				3C3B6C8325D476EC0082B86C /* Frameworks */,
				3C3B6C8425D476EC0082B86C /* Resources */,
			);
			buildRules = (
			);
			dependencies = (
			);
			name = ARKitCube;
			productName = ARKitCube;
			productReference = 3C3B6C8625D476EC0082B86C /* ARKitCube.app */;
			productType = "com.apple.product-type.application";
		};
/* End PBXNativeTarget section */

/* Begin PBXProject section */
		3C3B6C7E25D476EC0082B86C /* Project object */ = {
			isa = PBXProject;
			attributes = {
				LastSwiftUpdateCheck = 1240;
				LastUpgradeCheck = 1240;
				TargetAttributes = {
					3C3B6C8525D476EC0082B86C = {
						CreatedOnToolsVersion = 12.4;
					};
				};
			};
			buildConfigurationList = 3C3B6C8125D476EC0082B86C /* Build configuration list for PBXProject "ARKitCube" */;
			compatibilityVersion = "Xcode 9.3";
			developmentRegion = en;
			hasScannedForEncodings = 0;
			knownRegions = (
				en,
				Base,
			);
			mainGroup = 3C3B6C7D25D476EC0082B86C;
			productRefGroup = 3C3B6C8725D476EC0082B86C /* Products */;
			projectDirPath = "";
			projectRoot = "";
			targets = (
				3C3B6C8525D476EC0082B86C /* ARKitCube */,
			);
		};
/* End PBXProject section */

/* Begin PBXResourcesBuildPhase section */
		3C3B6C8425D476EC0082B86C /* Resources */ = {
			isa = PBXResourcesBuildPhase;
			buildActionMask = 2147483647;
			files = (
				3C1DD3BD25D4BEAA00703C84 /* 1Mono.mp3 in Resources */,
				3C0D624925D4897700243F2E /* 3Mi.mp3 in Resources */,
				3C0D624825D4897700243F2E /* 4Fa.mp3 in Resources */,
				3C0D624625D4897700243F2E /* 8Do.mp3 in Resources */,
				3C0D624B25D4897700243F2E /* 5So.mp3 in Resources */,
				3C3B6C9625D476EE0082B86C /* LaunchScreen.storyboard in Resources */,
				3C0D624525D4897700243F2E /* 2Re.mp3 in Resources */,
				3C0D624425D4897700243F2E /* 7Ti.mp3 in Resources */,
				3C0D624A25D4897700243F2E /* 6La.mp3 in Resources */,
				3C0D624725D4897700243F2E /* 1Do.mp3 in Resources */,
				3C3B6C9325D476EE0082B86C /* Assets.xcassets in Resources */,
				3C3B6C9125D476EC0082B86C /* Main.storyboard in Resources */,
			);
			runOnlyForDeploymentPostprocessing = 0;
		};
/* End PBXResourcesBuildPhase section */

/* Begin PBXSourcesBuildPhase section */
		3C3B6C8225D476EC0082B86C /* Sources */ = {
			isa = PBXSourcesBuildPhase;
			buildActionMask = 2147483647;
			files = (
				3C3B6C8E25D476EC0082B86C /* ViewController.swift in Sources */,
				3C3B6C8A25D476EC0082B86C /* AppDelegate.swift in Sources */,
				3C3B6C8C25D476EC0082B86C /* SceneDelegate.swift in Sources */,
			);
			runOnlyForDeploymentPostprocessing = 0;
		};
/* End PBXSourcesBuildPhase section */

/* Begin PBXVariantGroup section */
		3C3B6C8F25D476EC0082B86C /* Main.storyboard */ = {
			isa = PBXVariantGroup;
			children = (
				3C3B6C9025D476EC0082B86C /* Base */,
			);
			name = Main.storyboard;
			sourceTree = "<group>";
		};
		3C3B6C9425D476EE0082B86C /* LaunchScreen.storyboard */ = {
			isa = PBXVariantGroup;
			children = (
				3C3B6C9525D476EE0082B86C /* Base */,
			);
			name = LaunchScreen.storyboard;
			sourceTree = "<group>";
		};
/* End PBXVariantGroup section */

/* Begin XCBuildConfiguration section */
		3C3B6C9825D476EE0082B86C /* Debug */ = {
			isa = XCBuildConfiguration;
			buildSettings = {
				ALWAYS_SEARCH_USER_PATHS = NO;
				CLANG_ANALYZER_NONNULL = YES;
				CLANG_ANALYZER_NUMBER_OBJECT_CONVERSION = YES_AGGRESSIVE;
				CLANG_CXX_LANGUAGE_STANDARD = "gnu++14";
				CLANG_CXX_LIBRARY = "libc++";
				CLANG_ENABLE_MODULES = YES;
				CLANG_ENABLE_OBJC_ARC = YES;
				CLANG_ENABLE_OBJC_WEAK = YES;
				CLANG_WARN_BLOCK_CAPTURE_AUTORELEASING = YES;
				CLANG_WARN_BOOL_CONVERSION = YES;
				CLANG_WARN_COMMA = YES;
				CLANG_WARN_CONSTANT_CONVERSION = YES;
				CLANG_WARN_DEPRECATED_OBJC_IMPLEMENTATIONS = YES;
				CLANG_WARN_DIRECT_OBJC_ISA_USAGE = YES_ERROR;
				CLANG_WARN_DOCUMENTATION_COMMENTS = YES;
				CLANG_WARN_EMPTY_BODY = YES;
				CLANG_WARN_ENUM_CONVERSION = YES;
				CLANG_WARN_INFINITE_RECURSION = YES;
				CLANG_WARN_INT_CONVERSION = YES;
				CLANG_WARN_NON_LITERAL_NULL_CONVERSION = YES;
				CLANG_WARN_OBJC_IMPLICIT_RETAIN_SELF = YES;
				CLANG_WARN_OBJC_LITERAL_CONVERSION = YES;
				CLANG_WARN_OBJC_ROOT_CLASS = YES_ERROR;
				CLANG_WARN_QUOTED_INCLUDE_IN_FRAMEWORK_HEADER = YES;
				CLANG_WARN_RANGE_LOOP_ANALYSIS = YES;
				CLANG_WARN_STRICT_PROTOTYPES = YES;
				CLANG_WARN_SUSPICIOUS_MOVE = YES;
				CLANG_WARN_UNGUARDED_AVAILABILITY = YES_AGGRESSIVE;
				CLANG_WARN_UNREACHABLE_CODE = YES;
				CLANG_WARN__DUPLICATE_METHOD_MATCH = YES;
				COPY_PHASE_STRIP = NO;
				DEBUG_INFORMATION_FORMAT = dwarf;
				ENABLE_STRICT_OBJC_MSGSEND = YES;
				ENABLE_TESTABILITY = YES;
				GCC_C_LANGUAGE_STANDARD = gnu11;
				GCC_DYNAMIC_NO_PIC = NO;
				GCC_NO_COMMON_BLOCKS = YES;
				GCC_OPTIMIZATION_LEVEL = 0;
				GCC_PREPROCESSOR_DEFINITIONS = (
					"DEBUG=1",
					"$(inherited)",
				);
				GCC_WARN_64_TO_32_BIT_CONVERSION = YES;
				GCC_WARN_ABOUT_RETURN_TYPE = YES_ERROR;
				GCC_WARN_UNDECLARED_SELECTOR = YES;
				GCC_WARN_UNINITIALIZED_AUTOS = YES_AGGRESSIVE;
				GCC_WARN_UNUSED_FUNCTION = YES;
				GCC_WARN_UNUSED_VARIABLE = YES;
				IPHONEOS_DEPLOYMENT_TARGET = 14.4;
				MTL_ENABLE_DEBUG_INFO = INCLUDE_SOURCE;
				MTL_FAST_MATH = YES;
				ONLY_ACTIVE_ARCH = YES;
				SDKROOT = iphoneos;
				SWIFT_ACTIVE_COMPILATION_CONDITIONS = DEBUG;
				SWIFT_OPTIMIZATION_LEVEL = "-Onone";
			};
			name = Debug;
		};
		3C3B6C9925D476EE0082B86C /* Release */ = {
			isa = XCBuildConfiguration;
			buildSettings = {
				ALWAYS_SEARCH_USER_PATHS = NO;
				CLANG_ANALYZER_NONNULL = YES;
				CLANG_ANALYZER_NUMBER_OBJECT_CONVERSION = YES_AGGRESSIVE;
				CLANG_CXX_LANGUAGE_STANDARD = "gnu++14";
				CLANG_CXX_LIBRARY = "libc++";
				CLANG_ENABLE_MODULES = YES;
				CLANG_ENABLE_OBJC_ARC = YES;
				CLANG_ENABLE_OBJC_WEAK = YES;
				CLANG_WARN_BLOCK_CAPTURE_AUTORELEASING = YES;
				CLANG_WARN_BOOL_CONVERSION = YES;
				CLANG_WARN_COMMA = YES;
				CLANG_WARN_CONSTANT_CONVERSION = YES;
				CLANG_WARN_DEPRECATED_OBJC_IMPLEMENTATIONS = YES;
				CLANG_WARN_DIRECT_OBJC_ISA_USAGE = YES_ERROR;
				CLANG_WARN_DOCUMENTATION_COMMENTS = YES;
				CLANG_WARN_EMPTY_BODY = YES;
				CLANG_WARN_ENUM_CONVERSION = YES;
				CLANG_WARN_INFINITE_RECURSION = YES;
				CLANG_WARN_INT_CONVERSION = YES;
				CLANG_WARN_NON_LITERAL_NULL_CONVERSION = YES;
				CLANG_WARN_OBJC_IMPLICIT_RETAIN_SELF = YES;
				CLANG_WARN_OBJC_LITERAL_CONVERSION = YES;
				CLANG_WARN_OBJC_ROOT_CLASS = YES_ERROR;
				CLANG_WARN_QUOTED_INCLUDE_IN_FRAMEWORK_HEADER = YES;
				CLANG_WARN_RANGE_LOOP_ANALYSIS = YES;
				CLANG_WARN_STRICT_PROTOTYPES = YES;
				CLANG_WARN_SUSPICIOUS_MOVE = YES;
				CLANG_WARN_UNGUARDED_AVAILABILITY = YES_AGGRESSIVE;
				CLANG_WARN_UNREACHABLE_CODE = YES;
				CLANG_WARN__DUPLICATE_METHOD_MATCH = YES;
				COPY_PHASE_STRIP = NO;
				DEBUG_INFORMATION_FORMAT = "dwarf-with-dsym";
				ENABLE_NS_ASSERTIONS = NO;
				ENABLE_STRICT_OBJC_MSGSEND = YES;
				GCC_C_LANGUAGE_STANDARD = gnu11;
				GCC_NO_COMMON_BLOCKS = YES;
				GCC_WARN_64_TO_32_BIT_CONVERSION = YES;
				GCC_WARN_ABOUT_RETURN_TYPE = YES_ERROR;
				GCC_WARN_UNDECLARED_SELECTOR = YES;
				GCC_WARN_UNINITIALIZED_AUTOS = YES_AGGRESSIVE;
				GCC_WARN_UNUSED_FUNCTION = YES;
				GCC_WARN_UNUSED_VARIABLE = YES;
				IPHONEOS_DEPLOYMENT_TARGET = 14.4;
				MTL_ENABLE_DEBUG_INFO = NO;
				MTL_FAST_MATH = YES;
				SDKROOT = iphoneos;
				SWIFT_COMPILATION_MODE = wholemodule;
				SWIFT_OPTIMIZATION_LEVEL = "-O";
				VALIDATE_PRODUCT = YES;
			};
			name = Release;
		};
		3C3B6C9B25D476EE0082B86C /* Debug */ = {
			isa = XCBuildConfiguration;
			buildSettings = {
				ASSETCATALOG_COMPILER_APPICON_NAME = AppIcon;
				ASSETCATALOG_COMPILER_GLOBAL_ACCENT_COLOR_NAME = AccentColor;
				CODE_SIGN_STYLE = Automatic;
				DEVELOPMENT_TEAM = YA533DMD5J;
				INFOPLIST_FILE = ARKitCube/Info.plist;
				IPHONEOS_DEPLOYMENT_TARGET = 13.0;
				LD_RUNPATH_SEARCH_PATHS = (
					"$(inherited)",
					"@executable_path/Frameworks",
				);
				PRODUCT_BUNDLE_IDENTIFIER = com.aheze.ARKitCube;
				PRODUCT_NAME = "$(TARGET_NAME)";
				SWIFT_VERSION = 5.0;
				TARGETED_DEVICE_FAMILY = "1,2";
			};
			name = Debug;
		};
		3C3B6C9C25D476EE0082B86C /* Release */ = {
			isa = XCBuildConfiguration;
			buildSettings = {
				ASSETCATALOG_COMPILER_APPICON_NAME = AppIcon;
				ASSETCATALOG_COMPILER_GLOBAL_ACCENT_COLOR_NAME = AccentColor;
				CODE_SIGN_STYLE = Automatic;
				DEVELOPMENT_TEAM = YA533DMD5J;
				INFOPLIST_FILE = ARKitCube/Info.plist;
				IPHONEOS_DEPLOYMENT_TARGET = 13.0;
				LD_RUNPATH_SEARCH_PATHS = (
					"$(inherited)",
					"@executable_path/Frameworks",
				);
				PRODUCT_BUNDLE_IDENTIFIER = com.aheze.ARKitCube;
				PRODUCT_NAME = "$(TARGET_NAME)";
				SWIFT_VERSION = 5.0;
				TARGETED_DEVICE_FAMILY = "1,2";
			};
			name = Release;
		};
/* End XCBuildConfiguration section */

/* Begin XCConfigurationList section */
		3C3B6C8125D476EC0082B86C /* Build configuration list for PBXProject "ARKitCube" */ = {
			isa = XCConfigurationList;
			buildConfigurations = (
				3C3B6C9825D476EE0082B86C /* Debug */,
				3C3B6C9925D476EE0082B86C /* Release */,
			);
			defaultConfigurationIsVisible = 0;
			defaultConfigurationName = Release;
		};
		3C3B6C9A25D476EE0082B86C /* Build configuration list for PBXNativeTarget "ARKitCube" */ = {
			isa = XCConfigurationList;
			buildConfigurations = (
				3C3B6C9B25D476EE0082B86C /* Debug */,
				3C3B6C9C25D476EE0082B86C /* Release */,
			);
			defaultConfigurationIsVisible = 0;
			defaultConfigurationName = Release;
		};
/* End XCConfigurationList section */
	};
	rootObject = 3C3B6C7E25D476EC0082B86C /* Project object */;
}
